
Microsoft Visual Studio Solution File, Format Version 12.00
# Visual Studio Version 16
VisualStudioVersion = 16.0.30320.27
MinimumVisualStudioVersion = 10.0.40219.1
Project("{9A19103F-16F7-4668-BE54-9A1E7A4F7556}") = "YetiSharp", "YetiSharp.csproj", "{14A857A7-FA7C-4DC7-BC50-B4D3EF9A7550}"
EndProject
Global
	GlobalSection(SolutionConfigurationPlatforms) = preSolution
		Debug|Any CPU = Debug|Any CPU
		Release|Any CPU = Release|Any CPU
	EndGlobalSection
	GlobalSection(ProjectConfigurationPlatforms) = postSolution
		{14A857A7-FA7C-4DC7-BC50-B4D3EF9A7550}.Debug|Any CPU.ActiveCfg = Debug|Any CPU
		{14A857A7-FA7C-4DC7-BC50-B4D3EF9A7550}.Debug|Any CPU.Build.0 = Debug|Any CPU
		{14A857A7-FA7C-4DC7-BC50-B4D3EF9A7550}.Release|Any CPU.ActiveCfg = Release|Any CPU
		{14A857A7-FA7C-4DC7-BC50-B4D3EF9A7550}.Release|Any CPU.Build.0 = Release|Any CPU
	EndGlobalSection
	GlobalSection(SolutionProperties) = preSolution
		HideSolutionNode = FALSE
	EndGlobalSection
	GlobalSection(ExtensibilityGlobals) = postSolution
		SolutionGuid = {2AD4EEB3-656B-4F4E-BB22-122D192A131A}
	EndGlobalSection
EndGlobal
